
Microsoft Visual Studio Solution File, Format Version 12.00
# Visual Studio 15
VisualStudioVersion = 15.0.28307.168
MinimumVisualStudioVersion = 10.0.40219.1
Project("{FAE04EC0-301F-11D3-BF4B-00C04F79EFBC}") = "IoTVoiceControl.Speech", "IoTVoiceControl.Speech\IoTVoiceControl.Speech.csproj", "{EFB7A98D-90BB-498E-B698-1509A31FFF1E}"
EndProject
Project("{FAE04EC0-301F-11D3-BF4B-00C04F79EFBC}") = "IoTVoiceControl.DeviceManagement", "IoTVoiceControl.DeviceManagement\IoTVoiceControl.DeviceManagement.csproj", "{5BC861B3-3656-4BCE-B565-F27065027328}"
EndProject
Project("{FAE04EC0-301F-11D3-BF4B-00C04F79EFBC}") = "IoTVoiceControl.App", "IoTVoiceControl.App\IoTVoiceControl.App.csproj", "{42B4F488-F0CF-442E-86B3-BA1838D590A5}"
EndProject
Global
	GlobalSection(SolutionConfigurationPlatforms) = preSolution
		Debug|Any CPU = Debug|Any CPU
		Debug|x64 = Debug|x64
		Release|Any CPU = Release|Any CPU
		Release|x64 = Release|x64
	EndGlobalSection
	GlobalSection(ProjectConfigurationPlatforms) = postSolution
		{EFB7A98D-90BB-498E-B698-1509A31FFF1E}.Debug|Any CPU.ActiveCfg = Debug|Any CPU
		{EFB7A98D-90BB-498E-B698-1509A31FFF1E}.Debug|Any CPU.Build.0 = Debug|Any CPU
		{EFB7A98D-90BB-498E-B698-1509A31FFF1E}.Debug|x64.ActiveCfg = Debug|Any CPU
		{EFB7A98D-90BB-498E-B698-1509A31FFF1E}.Debug|x64.Build.0 = Debug|Any CPU
		{EFB7A98D-90BB-498E-B698-1509A31FFF1E}.Release|Any CPU.ActiveCfg = Release|Any CPU
		{EFB7A98D-90BB-498E-B698-1509A31FFF1E}.Release|Any CPU.Build.0 = Release|Any CPU
		{EFB7A98D-90BB-498E-B698-1509A31FFF1E}.Release|x64.ActiveCfg = Release|Any CPU
		{EFB7A98D-90BB-498E-B698-1509A31FFF1E}.Release|x64.Build.0 = Release|Any CPU
		{5BC861B3-3656-4BCE-B565-F27065027328}.Debug|Any CPU.ActiveCfg = Debug|Any CPU
		{5BC861B3-3656-4BCE-B565-F27065027328}.Debug|Any CPU.Build.0 = Debug|Any CPU
		{5BC861B3-3656-4BCE-B565-F27065027328}.Debug|x64.ActiveCfg = Debug|Any CPU
		{5BC861B3-3656-4BCE-B565-F27065027328}.Debug|x64.Build.0 = Debug|Any CPU
		{5BC861B3-3656-4BCE-B565-F27065027328}.Release|Any CPU.ActiveCfg = Release|Any CPU
		{5BC861B3-3656-4BCE-B565-F27065027328}.Release|Any CPU.Build.0 = Release|Any CPU
		{5BC861B3-3656-4BCE-B565-F27065027328}.Release|x64.ActiveCfg = Release|Any CPU
		{5BC861B3-3656-4BCE-B565-F27065027328}.Release|x64.Build.0 = Release|Any CPU
		{42B4F488-F0CF-442E-86B3-BA1838D590A5}.Debug|Any CPU.ActiveCfg = Debug|Any CPU
		{42B4F488-F0CF-442E-86B3-BA1838D590A5}.Debug|Any CPU.Build.0 = Debug|Any CPU
		{42B4F488-F0CF-442E-86B3-BA1838D590A5}.Debug|x64.ActiveCfg = Debug|x64
		{42B4F488-F0CF-442E-86B3-BA1838D590A5}.Debug|x64.Build.0 = Debug|x64
		{42B4F488-F0CF-442E-86B3-BA1838D590A5}.Release|Any CPU.ActiveCfg = Release|Any CPU
		{42B4F488-F0CF-442E-86B3-BA1838D590A5}.Release|Any CPU.Build.0 = Release|Any CPU
		{42B4F488-F0CF-442E-86B3-BA1838D590A5}.Release|x64.ActiveCfg = Release|x64
		{42B4F488-F0CF-442E-86B3-BA1838D590A5}.Release|x64.Build.0 = Release|x64
	EndGlobalSection
	GlobalSection(SolutionProperties) = preSolution
		HideSolutionNode = FALSE
	EndGlobalSection
	GlobalSection(ExtensibilityGlobals) = postSolution
		SolutionGuid = {63496C8C-D449-497C-9D61-D718B22C64D3}
	EndGlobalSection
EndGlobal
